// !$*UTF8*$!
{
	archiveVersion = 1;
	classes = {
	};
	objectVersion = 50;
	objects = {

/* Begin PBXBuildFile section */
		67C20E002351DECF00D6AB75 /* AppDelegate.swift in Sources */ = {isa = PBXBuildFile; fileRef = 67C20DFF2351DECF00D6AB75 /* AppDelegate.swift */; };
		67C20E022351DECF00D6AB75 /* ViewController.swift in Sources */ = {isa = PBXBuildFile; fileRef = 67C20E012351DECF00D6AB75 /* ViewController.swift */; };
		67C20E052351DECF00D6AB75 /* Main.storyboard in Resources */ = {isa = PBXBuildFile; fileRef = 67C20E032351DECF00D6AB75 /* Main.storyboard */; };
		67C20E072351DED000D6AB75 /* Assets.xcassets in Resources */ = {isa = PBXBuildFile; fileRef = 67C20E062351DED000D6AB75 /* Assets.xcassets */; };
		67C20E0A2351DED000D6AB75 /* LaunchScreen.storyboard in Resources */ = {isa = PBXBuildFile; fileRef = 67C20E082351DED000D6AB75 /* LaunchScreen.storyboard */; };
		9232A261CC5B505291346821 /* Pods_demoCI.framework in Frameworks */ = {isa = PBXBuildFile; fileRef = 5AD152488F28F30E66136EDE /* Pods_demoCI.framework */; };
/* End PBXBuildFile section */

/* Begin PBXFileReference section */
		5AD152488F28F30E66136EDE /* Pods_demoCI.framework */ = {isa = PBXFileReference; explicitFileType = wrapper.framework; includeInIndex = 0; path = Pods_demoCI.framework; sourceTree = BUILT_PRODUCTS_DIR; };
		67C20DFC2351DECF00D6AB75 /* demoCI.app */ = {isa = PBXFileReference; explicitFileType = wrapper.application; includeInIndex = 0; path = demoCI.app; sourceTree = BUILT_PRODUCTS_DIR; };
		67C20DFF2351DECF00D6AB75 /* AppDelegate.swift */ = {isa = PBXFileReference; lastKnownFileType = sourcecode.swift; path = AppDelegate.swift; sourceTree = "<group>"; };
		67C20E012351DECF00D6AB75 /* ViewController.swift */ = {isa = PBXFileReference; lastKnownFileType = sourcecode.swift; path = ViewController.swift; sourceTree = "<group>"; };
		67C20E042351DECF00D6AB75 /* Base */ = {isa = PBXFileReference; lastKnownFileType = file.storyboard; name = Base; path = Base.lproj/Main.storyboard; sourceTree = "<group>"; };
		67C20E062351DED000D6AB75 /* Assets.xcassets */ = {isa = PBXFileReference; lastKnownFileType = folder.assetcatalog; path = Assets.xcassets; sourceTree = "<group>"; };
		67C20E092351DED000D6AB75 /* Base */ = {isa = PBXFileReference; lastKnownFileType = file.storyboard; name = Base; path = Base.lproj/LaunchScreen.storyboard; sourceTree = "<group>"; };
		67C20E0B2351DED000D6AB75 /* Info.plist */ = {isa = PBXFileReference; lastKnownFileType = text.plist.xml; path = Info.plist; sourceTree = "<group>"; };
		8833A431173754D8E6C7D7E8 /* Pods-demoCI.debug.xcconfig */ = {isa = PBXFileReference; includeInIndex = 1; lastKnownFileType = text.xcconfig; name = "Pods-demoCI.debug.xcconfig"; path = "Target Support Files/Pods-demoCI/Pods-demoCI.debug.xcconfig"; sourceTree = "<group>"; };
		965F24A6565F0C012971A918 /* Pods-demoCI.release.xcconfig */ = {isa = PBXFileReference; includeInIndex = 1; lastKnownFileType = text.xcconfig; name = "Pods-demoCI.release.xcconfig"; path = "Target Support Files/Pods-demoCI/Pods-demoCI.release.xcconfig"; sourceTree = "<group>"; };
/* End PBXFileReference section */

/* Begin PBXFrameworksBuildPhase section */
		67C20DF92351DECF00D6AB75 /* Frameworks */ = {
			isa = PBXFrameworksBuildPhase;
			buildActionMask = 2147483647;
			files = (
				9232A261CC5B505291346821 /* Pods_demoCI.framework in Frameworks */,
			);
			runOnlyForDeploymentPostprocessing = 0;
		};
/* End PBXFrameworksBuildPhase section */

/* Begin PBXGroup section */
		126E44F1F897BEF5D04F2399 /* Frameworks */ = {
			isa = PBXGroup;
			children = (
				5AD152488F28F30E66136EDE /* Pods_demoCI.framework */,
			);
			name = Frameworks;
			sourceTree = "<group>";
		};
		67C20DF32351DECF00D6AB75 = {
			isa = PBXGroup;
			children = (
				67C20DFE2351DECF00D6AB75 /* demoCI */,
				67C20DFD2351DECF00D6AB75 /* Products */,
				F76C6150E09270F4EDF4A1EE /* Pods */,
				126E44F1F897BEF5D04F2399 /* Frameworks */,
			);
			sourceTree = "<group>";
		};
		67C20DFD2351DECF00D6AB75 /* Products */ = {
			isa = PBXGroup;
			children = (
				67C20DFC2351DECF00D6AB75 /* demoCI.app */,
			);
			name = Products;
			sourceTree = "<group>";
		};
		67C20DFE2351DECF00D6AB75 /* demoCI */ = {
			isa = PBXGroup;
			children = (
				67C20DFF2351DECF00D6AB75 /* AppDelegate.swift */,
				67C20E012351DECF00D6AB75 /* ViewController.swift */,
				67C20E032351DECF00D6AB75 /* Main.storyboard */,
				67C20E062351DED000D6AB75 /* Assets.xcassets */,
				67C20E082351DED000D6AB75 /* LaunchScreen.storyboard */,
				67C20E0B2351DED000D6AB75 /* Info.plist */,
			);
			path = demoCI;
			sourceTree = "<group>";
		};
		F76C6150E09270F4EDF4A1EE /* Pods */ = {
			isa = PBXGroup;
			children = (
				8833A431173754D8E6C7D7E8 /* Pods-demoCI.debug.xcconfig */,
				965F24A6565F0C012971A918 /* Pods-demoCI.release.xcconfig */,
			);
			path = Pods;
			sourceTree = "<group>";
		};
/* End PBXGroup section */

/* Begin PBXNativeTarget section */
		67C20DFB2351DECF00D6AB75 /* demoCI */ = {
			isa = PBXNativeTarget;
			buildConfigurationList = 67C20E0E2351DED000D6AB75 /* Build configuration list for PBXNativeTarget "demoCI" */;
			buildPhases = (
				4BC45966E6ECE5C49EB82B31 /* [CP] Check Pods Manifest.lock */,
				67C20DF82351DECF00D6AB75 /* Sources */,
				67C20DF92351DECF00D6AB75 /* Frameworks */,
				67C20DFA2351DECF00D6AB75 /* Resources */,
			);
			buildRules = (
			);
			dependencies = (
			);
			name = demoCI;
			productName = demoCI;
			productReference = 67C20DFC2351DECF00D6AB75 /* demoCI.app */;
			productType = "com.apple.product-type.application";
		};
/* End PBXNativeTarget section */

/* Begin PBXProject section */
		67C20DF42351DECF00D6AB75 /* Project object */ = {
			isa = PBXProject;
			attributes = {
				LastSwiftUpdateCheck = 1020;
				LastUpgradeCheck = 1020;
				ORGANIZATIONNAME = Tatvasoft;
				TargetAttributes = {
					67C20DFB2351DECF00D6AB75 = {
						CreatedOnToolsVersion = 10.2;
					};
				};
			};
			buildConfigurationList = 67C20DF72351DECF00D6AB75 /* Build configuration list for PBXProject "demoCI" */;
			compatibilityVersion = "Xcode 9.3";
			developmentRegion = en;
			hasScannedForEncodings = 0;
			knownRegions = (
				en,
				Base,
			);
			mainGroup = 67C20DF32351DECF00D6AB75;
			productRefGroup = 67C20DFD2351DECF00D6AB75 /* Products */;
			projectDirPath = "";
			projectRoot = "";
			targets = (
				67C20DFB2351DECF00D6AB75 /* demoCI */,
			);
		};
/* End PBXProject section */

/* Begin PBXResourcesBuildPhase section */
		67C20DFA2351DECF00D6AB75 /* Resources */ = {
			isa = PBXResourcesBuildPhase;
			buildActionMask = 2147483647;
			files = (
				67C20E0A2351DED000D6AB75 /* LaunchScreen.storyboard in Resources */,
				67C20E072351DED000D6AB75 /* Assets.xcassets in Resources */,
				67C20E052351DECF00D6AB75 /* Main.storyboard in Resources */,
			);
			runOnlyForDeploymentPostprocessing = 0;
		};
/* End PBXResourcesBuildPhase section */

/* Begin PBXShellScriptBuildPhase section */
		4BC45966E6ECE5C49EB82B31 /* [CP] Check Pods Manifest.lock */ = {
			isa = PBXShellScriptBuildPhase;
			buildActionMask = 2147483647;
			files = (
			);
			inputFileListPaths = (
			);
			inputPaths = (
				"${PODS_PODFILE_DIR_PATH}/Podfile.lock",
				"${PODS_ROOT}/Manifest.lock",
			);
			name = "[CP] Check Pods Manifest.lock";
			outputFileListPaths = (
			);
			outputPaths = (
				"$(DERIVED_FILE_DIR)/Pods-demoCI-checkManifestLockResult.txt",
			);
			runOnlyForDeploymentPostprocessing = 0;
			shellPath = /bin/sh;
			shellScript = "diff \"${PODS_PODFILE_DIR_PATH}/Podfile.lock\" \"${PODS_ROOT}/Manifest.lock\" > /dev/null\nif [ $? != 0 ] ; then\n    # print error to STDERR\n    echo \"error: The sandbox is not in sync with the Podfile.lock. Run 'pod install' or update your CocoaPods installation.\" >&2\n    exit 1\nfi\n# This output is used by Xcode 'outputs' to avoid re-running this script phase.\necho \"SUCCESS\" > \"${SCRIPT_OUTPUT_FILE_0}\"\n";
			showEnvVarsInLog = 0;
		};
/* End PBXShellScriptBuildPhase section */

/* Begin PBXSourcesBuildPhase section */
		67C20DF82351DECF00D6AB75 /* Sources */ = {
			isa = PBXSourcesBuildPhase;
			buildActionMask = 2147483647;
			files = (
				67C20E022351DECF00D6AB75 /* ViewController.swift in Sources */,
				67C20E002351DECF00D6AB75 /* AppDelegate.swift in Sources */,
			);
			runOnlyForDeploymentPostprocessing = 0;
		};
/* End PBXSourcesBuildPhase section */

/* Begin PBXVariantGroup section */
		67C20E032351DECF00D6AB75 /* Main.storyboard */ = {
			isa = PBXVariantGroup;
			children = (
				67C20E042351DECF00D6AB75 /* Base */,
			);
			name = Main.storyboard;
			sourceTree = "<group>";
		};
		67C20E082351DED000D6AB75 /* LaunchScreen.storyboard */ = {
			isa = PBXVariantGroup;
			children = (
				67C20E092351DED000D6AB75 /* Base */,
			);
			name = LaunchScreen.storyboard;
			sourceTree = "<group>";
		};
/* End PBXVariantGroup section */

/* Begin XCBuildConfiguration section */
		67C20E0C2351DED000D6AB75 /* Debug */ = {
			isa = XCBuildConfiguration;
			buildSettings = {
				ALWAYS_SEARCH_USER_PATHS = NO;
				CLANG_ANALYZER_NONNULL = YES;
				CLANG_ANALYZER_NUMBER_OBJECT_CONVERSION = YES_AGGRESSIVE;
				CLANG_CXX_LANGUAGE_STANDARD = "gnu++14";
				CLANG_CXX_LIBRARY = "libc++";
				CLANG_ENABLE_MODULES = YES;
				CLANG_ENABLE_OBJC_ARC = YES;
				CLANG_ENABLE_OBJC_WEAK = YES;
				CLANG_WARN_BLOCK_CAPTURE_AUTORELEASING = YES;
				CLANG_WARN_BOOL_CONVERSION = YES;
				CLANG_WARN_COMMA = YES;
				CLANG_WARN_CONSTANT_CONVERSION = YES;
				CLANG_WARN_DEPRECATED_OBJC_IMPLEMENTATIONS = YES;
				CLANG_WARN_DIRECT_OBJC_ISA_USAGE = YES_ERROR;
				CLANG_WARN_DOCUMENTATION_COMMENTS = YES;
				CLANG_WARN_EMPTY_BODY = YES;
				CLANG_WARN_ENUM_CONVERSION = YES;
				CLANG_WARN_INFINITE_RECURSION = YES;
				CLANG_WARN_INT_CONVERSION = YES;
				CLANG_WARN_NON_LITERAL_NULL_CONVERSION = YES;
				CLANG_WARN_OBJC_IMPLICIT_RETAIN_SELF = YES;
				CLANG_WARN_OBJC_LITERAL_CONVERSION = YES;
				CLANG_WARN_OBJC_ROOT_CLASS = YES_ERROR;
				CLANG_WARN_RANGE_LOOP_ANALYSIS = YES;
				CLANG_WARN_STRICT_PROTOTYPES = YES;
				CLANG_WARN_SUSPICIOUS_MOVE = YES;
				CLANG_WARN_UNGUARDED_AVAILABILITY = YES_AGGRESSIVE;
				CLANG_WARN_UNREACHABLE_CODE = YES;
				CLANG_WARN__DUPLICATE_METHOD_MATCH = YES;
				CODE_SIGN_IDENTITY = "iPhone Developer";
				COPY_PHASE_STRIP = NO;
				DEBUG_INFORMATION_FORMAT = dwarf;
				ENABLE_STRICT_OBJC_MSGSEND = YES;
				ENABLE_TESTABILITY = YES;
				GCC_C_LANGUAGE_STANDARD = gnu11;
				GCC_DYNAMIC_NO_PIC = NO;
				GCC_NO_COMMON_BLOCKS = YES;
				GCC_OPTIMIZATION_LEVEL = 0;
				GCC_PREPROCESSOR_DEFINITIONS = (
					"DEBUG=1",
					"$(inherited)",
				);
				GCC_WARN_64_TO_32_BIT_CONVERSION = YES;
				GCC_WARN_ABOUT_RETURN_TYPE = YES_ERROR;
				GCC_WARN_UNDECLARED_SELECTOR = YES;
				GCC_WARN_UNINITIALIZED_AUTOS = YES_AGGRESSIVE;
				GCC_WARN_UNUSED_FUNCTION = YES;
				GCC_WARN_UNUSED_VARIABLE = YES;
				IPHONEOS_DEPLOYMENT_TARGET = 11.0;
				MTL_ENABLE_DEBUG_INFO = INCLUDE_SOURCE;
				MTL_FAST_MATH = YES;
				ONLY_ACTIVE_ARCH = YES;
				SDKROOT = iphoneos;
				SWIFT_ACTIVE_COMPILATION_CONDITIONS = DEBUG;
				SWIFT_OPTIMIZATION_LEVEL = "-Onone";
			};
			name = Debug;
		};
		67C20E0D2351DED000D6AB75 /* Release */ = {
			isa = XCBuildConfiguration;
			buildSettings = {
				ALWAYS_SEARCH_USER_PATHS = NO;
				CLANG_ANALYZER_NONNULL = YES;
				CLANG_ANALYZER_NUMBER_OBJECT_CONVERSION = YES_AGGRESSIVE;
				CLANG_CXX_LANGUAGE_STANDARD = "gnu++14";
				CLANG_CXX_LIBRARY = "libc++";
				CLANG_ENABLE_MODULES = YES;
				CLANG_ENABLE_OBJC_ARC = YES;
				CLANG_ENABLE_OBJC_WEAK = YES;
				CLANG_WARN_BLOCK_CAPTURE_AUTORELEASING = YES;
				CLANG_WARN_BOOL_CONVERSION = YES;
				CLANG_WARN_COMMA = YES;
				CLANG_WARN_CONSTANT_CONVERSION = YES;
				CLANG_WARN_DEPRECATED_OBJC_IMPLEMENTATIONS = YES;
				CLANG_WARN_DIRECT_OBJC_ISA_USAGE = YES_ERROR;
				CLANG_WARN_DOCUMENTATION_COMMENTS = YES;
				CLANG_WARN_EMPTY_BODY = YES;
				CLANG_WARN_ENUM_CONVERSION = YES;
				CLANG_WARN_INFINITE_RECURSION = YES;
				CLANG_WARN_INT_CONVERSION = YES;
				CLANG_WARN_NON_LITERAL_NULL_CONVERSION = YES;
				CLANG_WARN_OBJC_IMPLICIT_RETAIN_SELF = YES;
				CLANG_WARN_OBJC_LITERAL_CONVERSION = YES;
				CLANG_WARN_OBJC_ROOT_CLASS = YES_ERROR;
				CLANG_WARN_RANGE_LOOP_ANALYSIS = YES;
				CLANG_WARN_STRICT_PROTOTYPES = YES;
				CLANG_WARN_SUSPICIOUS_MOVE = YES;
				CLANG_WARN_UNGUARDED_AVAILABILITY = YES_AGGRESSIVE;
				CLANG_WARN_UNREACHABLE_CODE = YES;
				CLANG_WARN__DUPLICATE_METHOD_MATCH = YES;
				CODE_SIGN_IDENTITY = "iPhone Developer";
				COPY_PHASE_STRIP = NO;
				DEBUG_INFORMATION_FORMAT = "dwarf-with-dsym";
				ENABLE_NS_ASSERTIONS = NO;
				ENABLE_STRICT_OBJC_MSGSEND = YES;
				GCC_C_LANGUAGE_STANDARD = gnu11;
				GCC_NO_COMMON_BLOCKS = YES;
				GCC_WARN_64_TO_32_BIT_CONVERSION = YES;
				GCC_WARN_ABOUT_RETURN_TYPE = YES_ERROR;
				GCC_WARN_UNDECLARED_SELECTOR = YES;
				GCC_WARN_UNINITIALIZED_AUTOS = YES_AGGRESSIVE;
				GCC_WARN_UNUSED_FUNCTION = YES;
				GCC_WARN_UNUSED_VARIABLE = YES;
				IPHONEOS_DEPLOYMENT_TARGET = 11.0;
				MTL_ENABLE_DEBUG_INFO = NO;
				MTL_FAST_MATH = YES;
				SDKROOT = iphoneos;
				SWIFT_COMPILATION_MODE = wholemodule;
				SWIFT_OPTIMIZATION_LEVEL = "-O";
				VALIDATE_PRODUCT = YES;
			};
			name = Release;
		};
		67C20E0F2351DED000D6AB75 /* Debug */ = {
			isa = XCBuildConfiguration;
			baseConfigurationReference = 8833A431173754D8E6C7D7E8 /* Pods-demoCI.debug.xcconfig */;
			buildSettings = {
				ASSETCATALOG_COMPILER_APPICON_NAME = AppIcon;
				CODE_SIGN_IDENTITY = "iPhone Distribution";
				CODE_SIGN_STYLE = Manual;
				DEVELOPMENT_TEAM = TLR3WLLVQX;
				INFOPLIST_FILE = demoCI/Info.plist;
				IPHONEOS_DEPLOYMENT_TARGET = 11.0;
				LD_RUNPATH_SEARCH_PATHS = (
					"$(inherited)",
					"@executable_path/Frameworks",
				);
				PRODUCT_BUNDLE_IDENTIFIER = com.tatvasoft.vidoetest;
				PRODUCT_NAME = "$(TARGET_NAME)";
				PROVISIONING_PROFILE_SPECIFIER = "match AppStore com.tatvasoft.vidoetest";
				SWIFT_VERSION = 4.2;
				TARGETED_DEVICE_FAMILY = "1,2";
			};
			name = Debug;
		};
		67C20E102351DED000D6AB75 /* Release */ = {
			isa = XCBuildConfiguration;
			baseConfigurationReference = 965F24A6565F0C012971A918 /* Pods-demoCI.release.xcconfig */;
			buildSettings = {
				ASSETCATALOG_COMPILER_APPICON_NAME = AppIcon;
				CODE_SIGN_IDENTITY = "iPhone Distribution";
				CODE_SIGN_STYLE = Manual;
				DEVELOPMENT_TEAM = TLR3WLLVQX;
				INFOPLIST_FILE = demoCI/Info.plist;
				IPHONEOS_DEPLOYMENT_TARGET = 11.0;
				LD_RUNPATH_SEARCH_PATHS = (
					"$(inherited)",
					"@executable_path/Frameworks",
				);
				PRODUCT_BUNDLE_IDENTIFIER = com.tatvasoft.vidoetest;
				PRODUCT_NAME = "$(TARGET_NAME)";
				PROVISIONING_PROFILE_SPECIFIER = "match AppStore com.tatvasoft.vidoetest";
				SWIFT_VERSION = 4.2;
				TARGETED_DEVICE_FAMILY = "1,2";
			};
			name = Release;
		};
/* End XCBuildConfiguration section */

/* Begin XCConfigurationList section */
		67C20DF72351DECF00D6AB75 /* Build configuration list for PBXProject "demoCI" */ = {
			isa = XCConfigurationList;
			buildConfigurations = (
				67C20E0C2351DED000D6AB75 /* Debug */,
				67C20E0D2351DED000D6AB75 /* Release */,
			);
			defaultConfigurationIsVisible = 0;
			defaultConfigurationName = Release;
		};
		67C20E0E2351DED000D6AB75 /* Build configuration list for PBXNativeTarget "demoCI" */ = {
			isa = XCConfigurationList;
			buildConfigurations = (
				67C20E0F2351DED000D6AB75 /* Debug */,
				67C20E102351DED000D6AB75 /* Release */,
			);
			defaultConfigurationIsVisible = 0;
			defaultConfigurationName = Release;
		};
/* End XCConfigurationList section */
	};
	rootObject = 67C20DF42351DECF00D6AB75 /* Project object */;
}
